<Solution>
  <Folder Name="/src/" />
  <Folder Name="/src/backend/">
    <Project Path="src/backend/Cartex.Api/Cartex.Api.csproj" />
    <Project Path="src/backend/Cartex.Application/Cartex.Application.csproj" />
    <Project Path="src/backend/Cartex.Auth/Cartex.Auth.csproj" />
    <Project Path="src/backend/Cartex.Domain/Cartex.Domain.csproj" />
    <Project Path="src/backend/Cartex.Infrastructure/Cartex.Infrastructure.csproj" />
    <Project Path="src/backend/Cartex.Mirror/Cartex.Mirror.csproj" />
    <Project Path="src/backend/Cartex.Persistence/Cartex.Persistence.csproj" />
  </Folder>
  <Folder Name="/src/desktop/">
    <Project Path="src/desktop/Cartex.UI/Cartex.UI.csproj" />
    <Project Path="src/desktop/Cartex.Desktop/Cartex.Desktop.csproj" />
  </Folder>
  <Folder Name="/src/mobile/">
    <Project Path="src/mobile/Cartex.Mobile.Core/Cartex.Mobile.Core.csproj" />
    <Project Path="src/mobile/Cartex.Mobile.Agent/Cartex.Mobile.Agent.csproj" />
    <Project Path="src/mobile/Cartex.Mobile.Store/Cartex.Mobile.Store.csproj" />
  </Folder>
  <Folder Name="/src/web/">
    <Project Path="src/web/Cartex.Web.Angular/Cartex.Web.Angular.esproj">
      <Build />
      <Deploy />
    </Project>
  </Folder>
  <Folder Name="/src/shared/">
    <Project Path="src/shared/Cartex.ApiClient/Cartex.ApiClient.csproj" />
    <Project Path="src/shared/Cartex.Hub/Cartex.Hub.csproj" />
    <Project Path="src/shared/Cartex.Shared/Cartex.Shared.csproj" />
  </Folder>
  <Folder Name="/tests/">
    <Project Path="tests/Cartex.ArchitectureTests/Cartex.ArchitectureTests.csproj" />
    <Project Path="tests/Cartex.Application.Tests/Cartex.Application.Tests.csproj" />
    <Project Path="tests/Cartex.UnitTests/Cartex.UnitTests.csproj" />
    <Project Path="tests/Cartex.UiTests/Cartex.UiTests.csproj" />
    <Project Path="tests/Cartex.Api.IntegrationTests/Cartex.Api.IntegrationTests.csproj" />
  </Folder>
</Solution>
